// !$*UTF8*$!
{
	archiveVersion = 1;
	classes = {
	};
	objectVersion = 56;
	objects = {

/* Begin PBXBuildFile section */
		09070E2F2BC2201200F26E8C /* Kingfisher in Frameworks */ = {isa = PBXBuildFile; productRef = 09070E2E2BC2201200F26E8C /* Kingfisher */; };
		095320DD2BC61724007A8E38 /* ThreadReplyView.swift in Sources */ = {isa = PBXBuildFile; fileRef = 095320DC2BC61724007A8E38 /* ThreadReplyView.swift */; };
		095320DF2BC61F69007A8E38 /* String.swift in Sources */ = {isa = PBXBuildFile; fileRef = 095320DE2BC61F69007A8E38 /* String.swift */; };
		095320E22BC62291007A8E38 /* ThreadReply.swift in Sources */ = {isa = PBXBuildFile; fileRef = 095320E12BC62291007A8E38 /* ThreadReply.swift */; };
		095320E52BC62885007A8E38 /* ThreadReplyService.swift in Sources */ = {isa = PBXBuildFile; fileRef = 095320E42BC62885007A8E38 /* ThreadReplyService.swift */; };
		095320E72BC6297C007A8E38 /* ThreadReplyViewModel.swift in Sources */ = {isa = PBXBuildFile; fileRef = 095320E62BC6297C007A8E38 /* ThreadReplyViewModel.swift */; };
		095C71CB2BC4A02700688527 /* ContentActionButtonView.swift in Sources */ = {isa = PBXBuildFile; fileRef = 095C71CA2BC4A02700688527 /* ContentActionButtonView.swift */; };
		095C71CF2BC4A0A700688527 /* ContentActionButtonViewModel.swift in Sources */ = {isa = PBXBuildFile; fileRef = 095C71CE2BC4A0A700688527 /* ContentActionButtonViewModel.swift */; };
		095C71D12BC4C4B700688527 /* Constant.swift in Sources */ = {isa = PBXBuildFile; fileRef = 095C71D02BC4C4B700688527 /* Constant.swift */; };
		097755642BC4400800F8940E /* Thread.swift in Sources */ = {isa = PBXBuildFile; fileRef = 097755632BC4400800F8940E /* Thread.swift */; };
		097755672BC4410400F8940E /* CreateThreadViewModel.swift in Sources */ = {isa = PBXBuildFile; fileRef = 097755662BC4410400F8940E /* CreateThreadViewModel.swift */; };
		097755692BC4412B00F8940E /* ThreadService.swift in Sources */ = {isa = PBXBuildFile; fileRef = 097755682BC4412B00F8940E /* ThreadService.swift */; };
		0977556C2BC44DAF00F8940E /* FeedViewModel.swift in Sources */ = {isa = PBXBuildFile; fileRef = 0977556B2BC44DAF00F8940E /* FeedViewModel.swift */; };
		097755712BC4626F00F8940E /* UserContentListViewModel.swift in Sources */ = {isa = PBXBuildFile; fileRef = 097755702BC4626F00F8940E /* UserContentListViewModel.swift */; };
		0977E29A2BC7055E001CD891 /* ThreadDetailView.swift in Sources */ = {isa = PBXBuildFile; fileRef = 0977E2992BC7055E001CD891 /* ThreadDetailView.swift */; };
		0977E29C2BC707A7001CD891 /* ThreadDetailViewModel.swift in Sources */ = {isa = PBXBuildFile; fileRef = 0977E29B2BC707A7001CD891 /* ThreadDetailViewModel.swift */; };
		0977E29E2BC710C0001CD891 /* ThreadReplyCell.swift in Sources */ = {isa = PBXBuildFile; fileRef = 0977E29D2BC710C0001CD891 /* ThreadReplyCell.swift */; };
		09AC30C02BBCD2EE00E29EAB /* GoogleService-Info.plist in Resources */ = {isa = PBXBuildFile; fileRef = 09AC30BF2BBCD2EE00E29EAB /* GoogleService-Info.plist */; };
		09AC30C32BBCD37C00E29EAB /* FirebaseAuth in Frameworks */ = {isa = PBXBuildFile; productRef = 09AC30C22BBCD37C00E29EAB /* FirebaseAuth */; };
		09AC30C52BBCD37C00E29EAB /* FirebaseFirestore in Frameworks */ = {isa = PBXBuildFile; productRef = 09AC30C42BBCD37C00E29EAB /* FirebaseFirestore */; };
		09AC30C72BBCD37C00E29EAB /* FirebaseFirestoreSwift in Frameworks */ = {isa = PBXBuildFile; productRef = 09AC30C62BBCD37C00E29EAB /* FirebaseFirestoreSwift */; };
		09AC30C92BBCD37C00E29EAB /* FirebaseFunctions in Frameworks */ = {isa = PBXBuildFile; productRef = 09AC30C82BBCD37C00E29EAB /* FirebaseFunctions */; };
		09AC30CB2BBCD37C00E29EAB /* FirebaseStorage in Frameworks */ = {isa = PBXBuildFile; productRef = 09AC30CA2BBCD37C00E29EAB /* FirebaseStorage */; };
		09AC30CF2BBCD94000E29EAB /* RegistrationViewModel.swift in Sources */ = {isa = PBXBuildFile; fileRef = 09AC30CE2BBCD94000E29EAB /* RegistrationViewModel.swift */; };
		09AC30D12BBCDA9800E29EAB /* AuthService.swift in Sources */ = {isa = PBXBuildFile; fileRef = 09AC30D02BBCDA9800E29EAB /* AuthService.swift */; };
		09AC30D52BBCDED300E29EAB /* ContentViewModel.swift in Sources */ = {isa = PBXBuildFile; fileRef = 09AC30D42BBCDED300E29EAB /* ContentViewModel.swift */; };
		09AC30D82BBCE30300E29EAB /* LoginViewModel.swift in Sources */ = {isa = PBXBuildFile; fileRef = 09AC30D72BBCE30300E29EAB /* LoginViewModel.swift */; };
		09B95BBD2BC77D4700A142C3 /* ThreadReplyProfileCell.swift in Sources */ = {isa = PBXBuildFile; fileRef = 09B95BBC2BC77D4700A142C3 /* ThreadReplyProfileCell.swift */; };
		09C33DFB2BC4667100B98C00 /* Timestamp.swift in Sources */ = {isa = PBXBuildFile; fileRef = 09C33DFA2BC4667100B98C00 /* Timestamp.swift */; };
		09F17D162BBDD529006189E9 /* User.swift in Sources */ = {isa = PBXBuildFile; fileRef = 09F17D152BBDD529006189E9 /* User.swift */; };
		09F17D182BBDD921006189E9 /* UserService.swift in Sources */ = {isa = PBXBuildFile; fileRef = 09F17D172BBDD921006189E9 /* UserService.swift */; };
		09F17D1B2BBDD9FF006189E9 /* CurrentUserProfileViewModel.swift in Sources */ = {isa = PBXBuildFile; fileRef = 09F17D1A2BBDD9FF006189E9 /* CurrentUserProfileViewModel.swift */; };
		09F17D1E2BBDEF96006189E9 /* ExploreViewModel.swift in Sources */ = {isa = PBXBuildFile; fileRef = 09F17D1D2BBDEF96006189E9 /* ExploreViewModel.swift */; };
		09F17D202BBDF107006189E9 /* PreviewProvider.swift in Sources */ = {isa = PBXBuildFile; fileRef = 09F17D1F2BBDF107006189E9 /* PreviewProvider.swift */; };
		09F17D242BBE2B0B006189E9 /* CurrentUserProfileView.swift in Sources */ = {isa = PBXBuildFile; fileRef = 09F17D232BBE2B0B006189E9 /* CurrentUserProfileView.swift */; };
		09F17D282BBE2CD9006189E9 /* ProfileHeaderView.swift in Sources */ = {isa = PBXBuildFile; fileRef = 09F17D272BBE2CD9006189E9 /* ProfileHeaderView.swift */; };
		09F17D2A2BBE2E14006189E9 /* UserContentListView.swift in Sources */ = {isa = PBXBuildFile; fileRef = 09F17D292BBE2E14006189E9 /* UserContentListView.swift */; };
		09F95BD22BB61EA000AFDD7F /* ThreadsCloneApp.swift in Sources */ = {isa = PBXBuildFile; fileRef = 09F95BD12BB61EA000AFDD7F /* ThreadsCloneApp.swift */; };
		09F95BD42BB61EA000AFDD7F /* ContentView.swift in Sources */ = {isa = PBXBuildFile; fileRef = 09F95BD32BB61EA000AFDD7F /* ContentView.swift */; };
		09F95BD62BB61EA100AFDD7F /* Assets.xcassets in Resources */ = {isa = PBXBuildFile; fileRef = 09F95BD52BB61EA100AFDD7F /* Assets.xcassets */; };
		09F95BD92BB61EA100AFDD7F /* Preview Assets.xcassets in Resources */ = {isa = PBXBuildFile; fileRef = 09F95BD82BB61EA100AFDD7F /* Preview Assets.xcassets */; };
		09F95BE92BB61FAE00AFDD7F /* LoginView.swift in Sources */ = {isa = PBXBuildFile; fileRef = 09F95BE82BB61FAE00AFDD7F /* LoginView.swift */; };
		09F95BEB2BB623FA00AFDD7F /* RegistrationView.swift in Sources */ = {isa = PBXBuildFile; fileRef = 09F95BEA2BB623FA00AFDD7F /* RegistrationView.swift */; };
		09F95BEE2BB6250F00AFDD7F /* ThreadsTextFieldModifier.swift in Sources */ = {isa = PBXBuildFile; fileRef = 09F95BED2BB6250F00AFDD7F /* ThreadsTextFieldModifier.swift */; };
		09F95BF12BB6272F00AFDD7F /* ThreadsTabView.swift in Sources */ = {isa = PBXBuildFile; fileRef = 09F95BF02BB6272F00AFDD7F /* ThreadsTabView.swift */; };
		09F95BF52BB62B9B00AFDD7F /* FeedView.swift in Sources */ = {isa = PBXBuildFile; fileRef = 09F95BF42BB62B9B00AFDD7F /* FeedView.swift */; };
		09F95BF92BB62BC900AFDD7F /* ExploreView.swift in Sources */ = {isa = PBXBuildFile; fileRef = 09F95BF82BB62BC900AFDD7F /* ExploreView.swift */; };
		09F95BFD2BB62BFE00AFDD7F /* CreateThreadView.swift in Sources */ = {isa = PBXBuildFile; fileRef = 09F95BFC2BB62BFE00AFDD7F /* CreateThreadView.swift */; };
		09F95C032BB62C3700AFDD7F /* ActivityView.swift in Sources */ = {isa = PBXBuildFile; fileRef = 09F95C022BB62C3700AFDD7F /* ActivityView.swift */; };
		09F95C052BB62C4500AFDD7F /* ProfileView.swift in Sources */ = {isa = PBXBuildFile; fileRef = 09F95C042BB62C4500AFDD7F /* ProfileView.swift */; };
		09F95C072BB62D6D00AFDD7F /* ThreadCell.swift in Sources */ = {isa = PBXBuildFile; fileRef = 09F95C062BB62D6D00AFDD7F /* ThreadCell.swift */; };
		09F95C0A2BB63FA800AFDD7F /* CircularProfileImageView.swift in Sources */ = {isa = PBXBuildFile; fileRef = 09F95C092BB63FA800AFDD7F /* CircularProfileImageView.swift */; };
		09F95C0C2BB6400700AFDD7F /* UserCell.swift in Sources */ = {isa = PBXBuildFile; fileRef = 09F95C0B2BB6400700AFDD7F /* UserCell.swift */; };
		09F95C0F2BB6427600AFDD7F /* ProfileThreadFiler.swift in Sources */ = {isa = PBXBuildFile; fileRef = 09F95C0E2BB6427600AFDD7F /* ProfileThreadFiler.swift */; };
		09F95C132BB6480300AFDD7F /* EditProfileView.swift in Sources */ = {isa = PBXBuildFile; fileRef = 09F95C122BB6480300AFDD7F /* EditProfileView.swift */; };
		09FE3C4A2BC20E6900D1A665 /* EditProfileViewModel.swift in Sources */ = {isa = PBXBuildFile; fileRef = 09FE3C492BC20E6900D1A665 /* EditProfileViewModel.swift */; };
		09FE3C4C2BC210C600D1A665 /* ImageUploader.swift in Sources */ = {isa = PBXBuildFile; fileRef = 09FE3C4B2BC210C600D1A665 /* ImageUploader.swift */; };
/* End PBXBuildFile section */

/* Begin PBXFileReference section */
		095320DC2BC61724007A8E38 /* ThreadReplyView.swift */ = {isa = PBXFileReference; lastKnownFileType = sourcecode.swift; path = ThreadReplyView.swift; sourceTree = "<group>"; };
		095320DE2BC61F69007A8E38 /* String.swift */ = {isa = PBXFileReference; lastKnownFileType = sourcecode.swift; path = String.swift; sourceTree = "<group>"; };
		095320E12BC62291007A8E38 /* ThreadReply.swift */ = {isa = PBXFileReference; lastKnownFileType = sourcecode.swift; path = ThreadReply.swift; sourceTree = "<group>"; };
		095320E42BC62885007A8E38 /* ThreadReplyService.swift */ = {isa = PBXFileReference; lastKnownFileType = sourcecode.swift; path = ThreadReplyService.swift; sourceTree = "<group>"; };
		095320E62BC6297C007A8E38 /* ThreadReplyViewModel.swift */ = {isa = PBXFileReference; lastKnownFileType = sourcecode.swift; path = ThreadReplyViewModel.swift; sourceTree = "<group>"; };
		095C71CA2BC4A02700688527 /* ContentActionButtonView.swift */ = {isa = PBXFileReference; lastKnownFileType = sourcecode.swift; path = ContentActionButtonView.swift; sourceTree = "<group>"; };
		095C71CE2BC4A0A700688527 /* ContentActionButtonViewModel.swift */ = {isa = PBXFileReference; lastKnownFileType = sourcecode.swift; path = ContentActionButtonViewModel.swift; sourceTree = "<group>"; };
		095C71D02BC4C4B700688527 /* Constant.swift */ = {isa = PBXFileReference; lastKnownFileType = sourcecode.swift; path = Constant.swift; sourceTree = "<group>"; };
		097755632BC4400800F8940E /* Thread.swift */ = {isa = PBXFileReference; lastKnownFileType = sourcecode.swift; path = Thread.swift; sourceTree = "<group>"; };
		097755662BC4410400F8940E /* CreateThreadViewModel.swift */ = {isa = PBXFileReference; lastKnownFileType = sourcecode.swift; path = CreateThreadViewModel.swift; sourceTree = "<group>"; };
		097755682BC4412B00F8940E /* ThreadService.swift */ = {isa = PBXFileReference; lastKnownFileType = sourcecode.swift; path = ThreadService.swift; sourceTree = "<group>"; };
		0977556B2BC44DAF00F8940E /* FeedViewModel.swift */ = {isa = PBXFileReference; lastKnownFileType = sourcecode.swift; path = FeedViewModel.swift; sourceTree = "<group>"; };
		097755702BC4626F00F8940E /* UserContentListViewModel.swift */ = {isa = PBXFileReference; lastKnownFileType = sourcecode.swift; path = UserContentListViewModel.swift; sourceTree = "<group>"; };
		0977E2992BC7055E001CD891 /* ThreadDetailView.swift */ = {isa = PBXFileReference; lastKnownFileType = sourcecode.swift; path = ThreadDetailView.swift; sourceTree = "<group>"; };
		0977E29B2BC707A7001CD891 /* ThreadDetailViewModel.swift */ = {isa = PBXFileReference; lastKnownFileType = sourcecode.swift; path = ThreadDetailViewModel.swift; sourceTree = "<group>"; };
		0977E29D2BC710C0001CD891 /* ThreadReplyCell.swift */ = {isa = PBXFileReference; lastKnownFileType = sourcecode.swift; path = ThreadReplyCell.swift; sourceTree = "<group>"; };
		09AC30BF2BBCD2EE00E29EAB /* GoogleService-Info.plist */ = {isa = PBXFileReference; fileEncoding = 4; lastKnownFileType = text.plist.xml; path = "GoogleService-Info.plist"; sourceTree = "<group>"; };
		09AC30CE2BBCD94000E29EAB /* RegistrationViewModel.swift */ = {isa = PBXFileReference; lastKnownFileType = sourcecode.swift; path = RegistrationViewModel.swift; sourceTree = "<group>"; };
		09AC30D02BBCDA9800E29EAB /* AuthService.swift */ = {isa = PBXFileReference; lastKnownFileType = sourcecode.swift; path = AuthService.swift; sourceTree = "<group>"; };
		09AC30D42BBCDED300E29EAB /* ContentViewModel.swift */ = {isa = PBXFileReference; lastKnownFileType = sourcecode.swift; path = ContentViewModel.swift; sourceTree = "<group>"; };
		09AC30D72BBCE30300E29EAB /* LoginViewModel.swift */ = {isa = PBXFileReference; lastKnownFileType = sourcecode.swift; path = LoginViewModel.swift; sourceTree = "<group>"; };
		09B95BBC2BC77D4700A142C3 /* ThreadReplyProfileCell.swift */ = {isa = PBXFileReference; lastKnownFileType = sourcecode.swift; path = ThreadReplyProfileCell.swift; sourceTree = "<group>"; };
		09C33DFA2BC4667100B98C00 /* Timestamp.swift */ = {isa = PBXFileReference; lastKnownFileType = sourcecode.swift; path = Timestamp.swift; sourceTree = "<group>"; };
		09F17D152BBDD529006189E9 /* User.swift */ = {isa = PBXFileReference; lastKnownFileType = sourcecode.swift; path = User.swift; sourceTree = "<group>"; };
		09F17D172BBDD921006189E9 /* UserService.swift */ = {isa = PBXFileReference; lastKnownFileType = sourcecode.swift; path = UserService.swift; sourceTree = "<group>"; };
		09F17D1A2BBDD9FF006189E9 /* CurrentUserProfileViewModel.swift */ = {isa = PBXFileReference; lastKnownFileType = sourcecode.swift; path = CurrentUserProfileViewModel.swift; sourceTree = "<group>"; };
		09F17D1D2BBDEF96006189E9 /* ExploreViewModel.swift */ = {isa = PBXFileReference; lastKnownFileType = sourcecode.swift; path = ExploreViewModel.swift; sourceTree = "<group>"; };
		09F17D1F2BBDF107006189E9 /* PreviewProvider.swift */ = {isa = PBXFileReference; lastKnownFileType = sourcecode.swift; path = PreviewProvider.swift; sourceTree = "<group>"; };
		09F17D232BBE2B0B006189E9 /* CurrentUserProfileView.swift */ = {isa = PBXFileReference; lastKnownFileType = sourcecode.swift; path = CurrentUserProfileView.swift; sourceTree = "<group>"; };
		09F17D272BBE2CD9006189E9 /* ProfileHeaderView.swift */ = {isa = PBXFileReference; lastKnownFileType = sourcecode.swift; path = ProfileHeaderView.swift; sourceTree = "<group>"; };
		09F17D292BBE2E14006189E9 /* UserContentListView.swift */ = {isa = PBXFileReference; lastKnownFileType = sourcecode.swift; path = UserContentListView.swift; sourceTree = "<group>"; };
		09F95BCE2BB61EA000AFDD7F /* ThreadsClone.app */ = {isa = PBXFileReference; explicitFileType = wrapper.application; includeInIndex = 0; path = ThreadsClone.app; sourceTree = BUILT_PRODUCTS_DIR; };
		09F95BD12BB61EA000AFDD7F /* ThreadsCloneApp.swift */ = {isa = PBXFileReference; lastKnownFileType = sourcecode.swift; path = ThreadsCloneApp.swift; sourceTree = "<group>"; };
		09F95BD32BB61EA000AFDD7F /* ContentView.swift */ = {isa = PBXFileReference; lastKnownFileType = sourcecode.swift; path = ContentView.swift; sourceTree = "<group>"; };
		09F95BD52BB61EA100AFDD7F /* Assets.xcassets */ = {isa = PBXFileReference; lastKnownFileType = folder.assetcatalog; path = Assets.xcassets; sourceTree = "<group>"; };
		09F95BD82BB61EA100AFDD7F /* Preview Assets.xcassets */ = {isa = PBXFileReference; lastKnownFileType = folder.assetcatalog; path = "Preview Assets.xcassets"; sourceTree = "<group>"; };
		09F95BE82BB61FAE00AFDD7F /* LoginView.swift */ = {isa = PBXFileReference; lastKnownFileType = sourcecode.swift; path = LoginView.swift; sourceTree = "<group>"; };
		09F95BEA2BB623FA00AFDD7F /* RegistrationView.swift */ = {isa = PBXFileReference; lastKnownFileType = sourcecode.swift; path = RegistrationView.swift; sourceTree = "<group>"; };
		09F95BED2BB6250F00AFDD7F /* ThreadsTextFieldModifier.swift */ = {isa = PBXFileReference; lastKnownFileType = sourcecode.swift; path = ThreadsTextFieldModifier.swift; sourceTree = "<group>"; };
		09F95BF02BB6272F00AFDD7F /* ThreadsTabView.swift */ = {isa = PBXFileReference; lastKnownFileType = sourcecode.swift; path = ThreadsTabView.swift; sourceTree = "<group>"; };
		09F95BF42BB62B9B00AFDD7F /* FeedView.swift */ = {isa = PBXFileReference; lastKnownFileType = sourcecode.swift; path = FeedView.swift; sourceTree = "<group>"; };
		09F95BF82BB62BC900AFDD7F /* ExploreView.swift */ = {isa = PBXFileReference; lastKnownFileType = sourcecode.swift; path = ExploreView.swift; sourceTree = "<group>"; };
		09F95BFC2BB62BFE00AFDD7F /* CreateThreadView.swift */ = {isa = PBXFileReference; lastKnownFileType = sourcecode.swift; path = CreateThreadView.swift; sourceTree = "<group>"; };
		09F95C022BB62C3700AFDD7F /* ActivityView.swift */ = {isa = PBXFileReference; lastKnownFileType = sourcecode.swift; path = ActivityView.swift; sourceTree = "<group>"; };
		09F95C042BB62C4500AFDD7F /* ProfileView.swift */ = {isa = PBXFileReference; lastKnownFileType = sourcecode.swift; path = ProfileView.swift; sourceTree = "<group>"; };
		09F95C062BB62D6D00AFDD7F /* ThreadCell.swift */ = {isa = PBXFileReference; lastKnownFileType = sourcecode.swift; path = ThreadCell.swift; sourceTree = "<group>"; };
		09F95C092BB63FA800AFDD7F /* CircularProfileImageView.swift */ = {isa = PBXFileReference; lastKnownFileType = sourcecode.swift; path = CircularProfileImageView.swift; sourceTree = "<group>"; };
		09F95C0B2BB6400700AFDD7F /* UserCell.swift */ = {isa = PBXFileReference; lastKnownFileType = sourcecode.swift; path = UserCell.swift; sourceTree = "<group>"; };
		09F95C0E2BB6427600AFDD7F /* ProfileThreadFiler.swift */ = {isa = PBXFileReference; lastKnownFileType = sourcecode.swift; path = ProfileThreadFiler.swift; sourceTree = "<group>"; };
		09F95C122BB6480300AFDD7F /* EditProfileView.swift */ = {isa = PBXFileReference; lastKnownFileType = sourcecode.swift; path = EditProfileView.swift; sourceTree = "<group>"; };
		09FE3C492BC20E6900D1A665 /* EditProfileViewModel.swift */ = {isa = PBXFileReference; lastKnownFileType = sourcecode.swift; path = EditProfileViewModel.swift; sourceTree = "<group>"; };
		09FE3C4B2BC210C600D1A665 /* ImageUploader.swift */ = {isa = PBXFileReference; lastKnownFileType = sourcecode.swift; path = ImageUploader.swift; sourceTree = "<group>"; };
/* End PBXFileReference section */

/* Begin PBXFrameworksBuildPhase section */
		09F95BCB2BB61EA000AFDD7F /* Frameworks */ = {
			isa = PBXFrameworksBuildPhase;
			buildActionMask = 2147483647;
			files = (
				09070E2F2BC2201200F26E8C /* Kingfisher in Frameworks */,
				09AC30C32BBCD37C00E29EAB /* FirebaseAuth in Frameworks */,
				09AC30C52BBCD37C00E29EAB /* FirebaseFirestore in Frameworks */,
				09AC30C72BBCD37C00E29EAB /* FirebaseFirestoreSwift in Frameworks */,
				09AC30CB2BBCD37C00E29EAB /* FirebaseStorage in Frameworks */,
				09AC30C92BBCD37C00E29EAB /* FirebaseFunctions in Frameworks */,
			);
			runOnlyForDeploymentPostprocessing = 0;
		};
/* End PBXFrameworksBuildPhase section */

/* Begin PBXGroup section */
		095320D92BC61704007A8E38 /* ThreadReplies */ = {
			isa = PBXGroup;
			children = (
				095320E32BC6287C007A8E38 /* Service */,
				095320E02BC62288007A8E38 /* Model */,
				095320DB2BC6171A007A8E38 /* View */,
				095320DA2BC61713007A8E38 /* ViewModel */,
			);
			path = ThreadReplies;
			sourceTree = "<group>";
		};
		095320DA2BC61713007A8E38 /* ViewModel */ = {
			isa = PBXGroup;
			children = (
				095320E62BC6297C007A8E38 /* ThreadReplyViewModel.swift */,
			);
			path = ViewModel;
			sourceTree = "<group>";
		};
		095320DB2BC6171A007A8E38 /* View */ = {
			isa = PBXGroup;
			children = (
				095320DC2BC61724007A8E38 /* ThreadReplyView.swift */,
				0977E29D2BC710C0001CD891 /* ThreadReplyCell.swift */,
			);
			path = View;
			sourceTree = "<group>";
		};
		095320E02BC62288007A8E38 /* Model */ = {
			isa = PBXGroup;
			children = (
				095320E12BC62291007A8E38 /* ThreadReply.swift */,
			);
			path = Model;
			sourceTree = "<group>";
		};
		095320E32BC6287C007A8E38 /* Service */ = {
			isa = PBXGroup;
			children = (
				095320E42BC62885007A8E38 /* ThreadReplyService.swift */,
			);
			path = Service;
			sourceTree = "<group>";
		};
		095C71C82BC49FF900688527 /* Threads */ = {
			isa = PBXGroup;
			children = (
				095C71CD2BC4A09300688527 /* View */,
				095C71CC2BC4A08E00688527 /* ViewModel */,
			);
			path = Threads;
			sourceTree = "<group>";
		};
		095C71C92BC49FFD00688527 /* Users */ = {
			isa = PBXGroup;
			children = (
				09F95C092BB63FA800AFDD7F /* CircularProfileImageView.swift */,
				09F95C0B2BB6400700AFDD7F /* UserCell.swift */,
			);
			path = Users;
			sourceTree = "<group>";
		};
		095C71CC2BC4A08E00688527 /* ViewModel */ = {
			isa = PBXGroup;
			children = (
				095C71CE2BC4A0A700688527 /* ContentActionButtonViewModel.swift */,
			);
			path = ViewModel;
			sourceTree = "<group>";
		};
		095C71CD2BC4A09300688527 /* View */ = {
			isa = PBXGroup;
			children = (
				09F95C062BB62D6D00AFDD7F /* ThreadCell.swift */,
				095C71CA2BC4A02700688527 /* ContentActionButtonView.swift */,
			);
			path = View;
			sourceTree = "<group>";
		};
		097755652BC440F800F8940E /* ViewModel */ = {
			isa = PBXGroup;
			children = (
				097755662BC4410400F8940E /* CreateThreadViewModel.swift */,
			);
			path = ViewModel;
			sourceTree = "<group>";
		};
		0977556A2BC44DA400F8940E /* ViewModel */ = {
			isa = PBXGroup;
			children = (
				0977556B2BC44DAF00F8940E /* FeedViewModel.swift */,
			);
			path = ViewModel;
			sourceTree = "<group>";
		};
		0977556D2BC4624800F8940E /* View */ = {
			isa = PBXGroup;
			children = (
				09F17D272BBE2CD9006189E9 /* ProfileHeaderView.swift */,
				09F17D292BBE2E14006189E9 /* UserContentListView.swift */,
				09B95BBC2BC77D4700A142C3 /* ThreadReplyProfileCell.swift */,
			);
			path = View;
			sourceTree = "<group>";
		};
		0977556F2BC4625200F8940E /* ViewModel */ = {
			isa = PBXGroup;
			children = (
				097755702BC4626F00F8940E /* UserContentListViewModel.swift */,
			);
			path = ViewModel;
			sourceTree = "<group>";
		};
		0977E2962BC70544001CD891 /* ThreadDetail */ = {
			isa = PBXGroup;
			children = (
				0977E2972BC70550001CD891 /* View */,
				0977E2982BC70555001CD891 /* ViewModel */,
			);
			path = ThreadDetail;
			sourceTree = "<group>";
		};
		0977E2972BC70550001CD891 /* View */ = {
			isa = PBXGroup;
			children = (
				0977E2992BC7055E001CD891 /* ThreadDetailView.swift */,
			);
			path = View;
			sourceTree = "<group>";
		};
		0977E2982BC70555001CD891 /* ViewModel */ = {
			isa = PBXGroup;
			children = (
				0977E29B2BC707A7001CD891 /* ThreadDetailViewModel.swift */,
			);
			path = ViewModel;
			sourceTree = "<group>";
		};
		09AC30CC2BBCD92700E29EAB /* ViewModels */ = {
			isa = PBXGroup;
			children = (
				09AC30CE2BBCD94000E29EAB /* RegistrationViewModel.swift */,
				09AC30D72BBCE30300E29EAB /* LoginViewModel.swift */,
			);
			path = ViewModels;
			sourceTree = "<group>";
		};
		09AC30CD2BBCD92A00E29EAB /* Service */ = {
			isa = PBXGroup;
			children = (
				09AC30D02BBCDA9800E29EAB /* AuthService.swift */,
			);
			path = Service;
			sourceTree = "<group>";
		};
		09AC30D22BBCDEBA00E29EAB /* View */ = {
			isa = PBXGroup;
			children = (
				09F95BD32BB61EA000AFDD7F /* ContentView.swift */,
			);
			path = View;
			sourceTree = "<group>";
		};
		09AC30D32BBCDEBD00E29EAB /* ViewModel */ = {
			isa = PBXGroup;
			children = (
				09AC30D42BBCDED300E29EAB /* ContentViewModel.swift */,
			);
			path = ViewModel;
			sourceTree = "<group>";
		};
		09F17D1C2BBDEF83006189E9 /* ViewModel */ = {
			isa = PBXGroup;
			children = (
				09F17D1D2BBDEF96006189E9 /* ExploreViewModel.swift */,
			);
			path = ViewModel;
			sourceTree = "<group>";
		};
		09F17D212BBE2AE9006189E9 /* CurrentUserProfile */ = {
			isa = PBXGroup;
			children = (
				09F17D222BBE2AFF006189E9 /* View */,
				09F17D252BBE2B3B006189E9 /* ViewModel */,
			);
			path = CurrentUserProfile;
			sourceTree = "<group>";
		};
		09F17D222BBE2AFF006189E9 /* View */ = {
			isa = PBXGroup;
			children = (
				09F17D232BBE2B0B006189E9 /* CurrentUserProfileView.swift */,
			);
			path = View;
			sourceTree = "<group>";
		};
		09F17D252BBE2B3B006189E9 /* ViewModel */ = {
			isa = PBXGroup;
			children = (
				09F17D1A2BBDD9FF006189E9 /* CurrentUserProfileViewModel.swift */,
			);
			path = ViewModel;
			sourceTree = "<group>";
		};
		09F17D262BBE2CCC006189E9 /* Components */ = {
			isa = PBXGroup;
			children = (
				0977556D2BC4624800F8940E /* View */,
				0977556F2BC4625200F8940E /* ViewModel */,
			);
			path = Components;
			sourceTree = "<group>";
		};
		09F95BC52BB61EA000AFDD7F = {
			isa = PBXGroup;
			children = (
				09F95BD02BB61EA000AFDD7F /* ThreadsClone */,
				09F95BCF2BB61EA000AFDD7F /* Products */,
			);
			sourceTree = "<group>";
		};
		09F95BCF2BB61EA000AFDD7F /* Products */ = {
			isa = PBXGroup;
			children = (
				09F95BCE2BB61EA000AFDD7F /* ThreadsClone.app */,
			);
			name = Products;
			sourceTree = "<group>";
		};
		09F95BD02BB61EA000AFDD7F /* ThreadsClone */ = {
			isa = PBXGroup;
			children = (
				09F95BE42BB61F5A00AFDD7F /* App */,
				09F95BE32BB61F5900AFDD7F /* Core */,
				09F95BE22BB61F5800AFDD7F /* Extension */,
				09F95BE12BB61F5700AFDD7F /* Model */,
				09F95BE02BB61F5500AFDD7F /* Services */,
				09F95BDF2BB61F5100AFDD7F /* Utils */,
				09AC30BF2BBCD2EE00E29EAB /* GoogleService-Info.plist */,
				09F95BD52BB61EA100AFDD7F /* Assets.xcassets */,
				09F95BD72BB61EA100AFDD7F /* Preview Content */,
			);
			path = ThreadsClone;
			sourceTree = "<group>";
		};
		09F95BD72BB61EA100AFDD7F /* Preview Content */ = {
			isa = PBXGroup;
			children = (
				09F95BD82BB61EA100AFDD7F /* Preview Assets.xcassets */,
			);
			path = "Preview Content";
			sourceTree = "<group>";
		};
		09F95BDF2BB61F5100AFDD7F /* Utils */ = {
			isa = PBXGroup;
			children = (
				09F95BEC2BB624FD00AFDD7F /* ViewModifiers */,
				095C71D02BC4C4B700688527 /* Constant.swift */,
			);
			path = Utils;
			sourceTree = "<group>";
		};
		09F95BE02BB61F5500AFDD7F /* Services */ = {
			isa = PBXGroup;
			children = (
				09F17D172BBDD921006189E9 /* UserService.swift */,
				09FE3C4B2BC210C600D1A665 /* ImageUploader.swift */,
				097755682BC4412B00F8940E /* ThreadService.swift */,
			);
			path = Services;
			sourceTree = "<group>";
		};
		09F95BE12BB61F5700AFDD7F /* Model */ = {
			isa = PBXGroup;
			children = (
				09F17D152BBDD529006189E9 /* User.swift */,
				097755632BC4400800F8940E /* Thread.swift */,
			);
			path = Model;
			sourceTree = "<group>";
		};
		09F95BE22BB61F5800AFDD7F /* Extension */ = {
			isa = PBXGroup;
			children = (
				09F17D1F2BBDF107006189E9 /* PreviewProvider.swift */,
				09C33DFA2BC4667100B98C00 /* Timestamp.swift */,
				095320DE2BC61F69007A8E38 /* String.swift */,
			);
			path = Extension;
			sourceTree = "<group>";
		};
		09F95BE32BB61F5900AFDD7F /* Core */ = {
			isa = PBXGroup;
			children = (
				09F95BFE2BB62C1A00AFDD7F /* Activity */,
				09F95BE52BB61F8200AFDD7F /* Authentication */,
				09F95C082BB63F8300AFDD7F /* Components */,
				09F95BF62BB62BBC00AFDD7F /* Explore */,
				09F95BF22BB62B9000AFDD7F /* Feed */,
				09F95BFF2BB62C2100AFDD7F /* Profile */,
				09F95BE62BB61F8B00AFDD7F /* Root */,
				09F95BEF2BB6270E00AFDD7F /* TabBar */,
				09F95BFA2BB62BEE00AFDD7F /* ThreadCreation */,
				0977E2962BC70544001CD891 /* ThreadDetail */,
				095320D92BC61704007A8E38 /* ThreadReplies */,
			);
			path = Core;
			sourceTree = "<group>";
		};
		09F95BE42BB61F5A00AFDD7F /* App */ = {
			isa = PBXGroup;
			children = (
				09F95BD12BB61EA000AFDD7F /* ThreadsCloneApp.swift */,
			);
			path = App;
			sourceTree = "<group>";
		};
		09F95BE52BB61F8200AFDD7F /* Authentication */ = {
			isa = PBXGroup;
			children = (
				09AC30CD2BBCD92A00E29EAB /* Service */,
				09F95BE72BB61FA200AFDD7F /* Views */,
				09AC30CC2BBCD92700E29EAB /* ViewModels */,
			);
			path = Authentication;
			sourceTree = "<group>";
		};
		09F95BE62BB61F8B00AFDD7F /* Root */ = {
			isa = PBXGroup;
			children = (
				09AC30D22BBCDEBA00E29EAB /* View */,
				09AC30D32BBCDEBD00E29EAB /* ViewModel */,
			);
			path = Root;
			sourceTree = "<group>";
		};
		09F95BE72BB61FA200AFDD7F /* Views */ = {
			isa = PBXGroup;
			children = (
				09F95BE82BB61FAE00AFDD7F /* LoginView.swift */,
				09F95BEA2BB623FA00AFDD7F /* RegistrationView.swift */,
			);
			path = Views;
			sourceTree = "<group>";
		};
		09F95BEC2BB624FD00AFDD7F /* ViewModifiers */ = {
			isa = PBXGroup;
			children = (
				09F95BED2BB6250F00AFDD7F /* ThreadsTextFieldModifier.swift */,
			);
			path = ViewModifiers;
			sourceTree = "<group>";
		};
		09F95BEF2BB6270E00AFDD7F /* TabBar */ = {
			isa = PBXGroup;
			children = (
				09F95BF02BB6272F00AFDD7F /* ThreadsTabView.swift */,
			);
			path = TabBar;
			sourceTree = "<group>";
		};
		09F95BF22BB62B9000AFDD7F /* Feed */ = {
			isa = PBXGroup;
			children = (
				09F95BF32BB62B9600AFDD7F /* View */,
				0977556A2BC44DA400F8940E /* ViewModel */,
			);
			path = Feed;
			sourceTree = "<group>";
		};
		09F95BF32BB62B9600AFDD7F /* View */ = {
			isa = PBXGroup;
			children = (
				09F95BF42BB62B9B00AFDD7F /* FeedView.swift */,
			);
			path = View;
			sourceTree = "<group>";
		};
		09F95BF62BB62BBC00AFDD7F /* Explore */ = {
			isa = PBXGroup;
			children = (
				09F95BF72BB62BC000AFDD7F /* View */,
				09F17D1C2BBDEF83006189E9 /* ViewModel */,
			);
			path = Explore;
			sourceTree = "<group>";
		};
		09F95BF72BB62BC000AFDD7F /* View */ = {
			isa = PBXGroup;
			children = (
				09F95BF82BB62BC900AFDD7F /* ExploreView.swift */,
			);
			path = View;
			sourceTree = "<group>";
		};
		09F95BFA2BB62BEE00AFDD7F /* ThreadCreation */ = {
			isa = PBXGroup;
			children = (
				09F95BFB2BB62BF300AFDD7F /* View */,
				097755652BC440F800F8940E /* ViewModel */,
			);
			path = ThreadCreation;
			sourceTree = "<group>";
		};
		09F95BFB2BB62BF300AFDD7F /* View */ = {
			isa = PBXGroup;
			children = (
				09F95BFC2BB62BFE00AFDD7F /* CreateThreadView.swift */,
			);
			path = View;
			sourceTree = "<group>";
		};
		09F95BFE2BB62C1A00AFDD7F /* Activity */ = {
			isa = PBXGroup;
			children = (
				09F95C002BB62C2900AFDD7F /* View */,
			);
			path = Activity;
			sourceTree = "<group>";
		};
		09F95BFF2BB62C2100AFDD7F /* Profile */ = {
			isa = PBXGroup;
			children = (
				09F17D262BBE2CCC006189E9 /* Components */,
				09F17D212BBE2AE9006189E9 /* CurrentUserProfile */,
				09F95C102BB647EA00AFDD7F /* EditProfile */,
				09F95C0D2BB6426800AFDD7F /* Model */,
				09F95C012BB62C2B00AFDD7F /* UserProfile */,
			);
			path = Profile;
			sourceTree = "<group>";
		};
		09F95C002BB62C2900AFDD7F /* View */ = {
			isa = PBXGroup;
			children = (
				09F95C022BB62C3700AFDD7F /* ActivityView.swift */,
			);
			path = View;
			sourceTree = "<group>";
		};
		09F95C012BB62C2B00AFDD7F /* UserProfile */ = {
			isa = PBXGroup;
			children = (
				09F95C042BB62C4500AFDD7F /* ProfileView.swift */,
			);
			path = UserProfile;
			sourceTree = "<group>";
		};
		09F95C082BB63F8300AFDD7F /* Components */ = {
			isa = PBXGroup;
			children = (
				095C71C92BC49FFD00688527 /* Users */,
				095C71C82BC49FF900688527 /* Threads */,
			);
			path = Components;
			sourceTree = "<group>";
		};
		09F95C0D2BB6426800AFDD7F /* Model */ = {
			isa = PBXGroup;
			children = (
				09F95C0E2BB6427600AFDD7F /* ProfileThreadFiler.swift */,
			);
			path = Model;
			sourceTree = "<group>";
		};
		09F95C102BB647EA00AFDD7F /* EditProfile */ = {
			isa = PBXGroup;
			children = (
				09F95C112BB647FA00AFDD7F /* View */,
				09FE3C482BC20E5A00D1A665 /* ViewModel */,
			);
			path = EditProfile;
			sourceTree = "<group>";
		};
		09F95C112BB647FA00AFDD7F /* View */ = {
			isa = PBXGroup;
			children = (
				09F95C122BB6480300AFDD7F /* EditProfileView.swift */,
			);
			path = View;
			sourceTree = "<group>";
		};
		09FE3C482BC20E5A00D1A665 /* ViewModel */ = {
			isa = PBXGroup;
			children = (
				09FE3C492BC20E6900D1A665 /* EditProfileViewModel.swift */,
			);
			path = ViewModel;
			sourceTree = "<group>";
		};
/* End PBXGroup section */

/* Begin PBXNativeTarget section */
		09F95BCD2BB61EA000AFDD7F /* ThreadsClone */ = {
			isa = PBXNativeTarget;
			buildConfigurationList = 09F95BDC2BB61EA100AFDD7F /* Build configuration list for PBXNativeTarget "ThreadsClone" */;
			buildPhases = (
				09F95BCA2BB61EA000AFDD7F /* Sources */,
				09F95BCB2BB61EA000AFDD7F /* Frameworks */,
				09F95BCC2BB61EA000AFDD7F /* Resources */,
			);
			buildRules = (
			);
			dependencies = (
			);
			name = ThreadsClone;
			packageProductDependencies = (
				09AC30C22BBCD37C00E29EAB /* FirebaseAuth */,
				09AC30C42BBCD37C00E29EAB /* FirebaseFirestore */,
				09AC30C62BBCD37C00E29EAB /* FirebaseFirestoreSwift */,
				09AC30C82BBCD37C00E29EAB /* FirebaseFunctions */,
				09AC30CA2BBCD37C00E29EAB /* FirebaseStorage */,
				09070E2E2BC2201200F26E8C /* Kingfisher */,
			);
			productName = ThreadsClone;
			productReference = 09F95BCE2BB61EA000AFDD7F /* ThreadsClone.app */;
			productType = "com.apple.product-type.application";
		};
/* End PBXNativeTarget section */

/* Begin PBXProject section */
		09F95BC62BB61EA000AFDD7F /* Project object */ = {
			isa = PBXProject;
			attributes = {
				BuildIndependentTargetsInParallel = 1;
				LastSwiftUpdateCheck = 1530;
				LastUpgradeCheck = 1530;
				TargetAttributes = {
					09F95BCD2BB61EA000AFDD7F = {
						CreatedOnToolsVersion = 15.3;
					};
				};
			};
			buildConfigurationList = 09F95BC92BB61EA000AFDD7F /* Build configuration list for PBXProject "ThreadsClone" */;
			compatibilityVersion = "Xcode 14.0";
			developmentRegion = en;
			hasScannedForEncodings = 0;
			knownRegions = (
				en,
				Base,
			);
			mainGroup = 09F95BC52BB61EA000AFDD7F;
			packageReferences = (
				09AC30C12BBCD37C00E29EAB /* XCRemoteSwiftPackageReference "firebase-ios-sdk" */,
				09070E2D2BC2201200F26E8C /* XCRemoteSwiftPackageReference "Kingfisher" */,
			);
			productRefGroup = 09F95BCF2BB61EA000AFDD7F /* Products */;
			projectDirPath = "";
			projectRoot = "";
			targets = (
				09F95BCD2BB61EA000AFDD7F /* ThreadsClone */,
			);
		};
/* End PBXProject section */

/* Begin PBXResourcesBuildPhase section */
		09F95BCC2BB61EA000AFDD7F /* Resources */ = {
			isa = PBXResourcesBuildPhase;
			buildActionMask = 2147483647;
			files = (
				09F95BD92BB61EA100AFDD7F /* Preview Assets.xcassets in Resources */,
				09F95BD62BB61EA100AFDD7F /* Assets.xcassets in Resources */,
				09AC30C02BBCD2EE00E29EAB /* GoogleService-Info.plist in Resources */,
			);
			runOnlyForDeploymentPostprocessing = 0;
		};
/* End PBXResourcesBuildPhase section */

/* Begin PBXSourcesBuildPhase section */
		09F95BCA2BB61EA000AFDD7F /* Sources */ = {
			isa = PBXSourcesBuildPhase;
			buildActionMask = 2147483647;
			files = (
				095C71CB2BC4A02700688527 /* ContentActionButtonView.swift in Sources */,
				09F95BF52BB62B9B00AFDD7F /* FeedView.swift in Sources */,
				095320DF2BC61F69007A8E38 /* String.swift in Sources */,
				097755642BC4400800F8940E /* Thread.swift in Sources */,
				09AC30CF2BBCD94000E29EAB /* RegistrationViewModel.swift in Sources */,
				09F95BE92BB61FAE00AFDD7F /* LoginView.swift in Sources */,
				09AC30D12BBCDA9800E29EAB /* AuthService.swift in Sources */,
				0977E29E2BC710C0001CD891 /* ThreadReplyCell.swift in Sources */,
				09F17D202BBDF107006189E9 /* PreviewProvider.swift in Sources */,
				09C33DFB2BC4667100B98C00 /* Timestamp.swift in Sources */,
				09FE3C4A2BC20E6900D1A665 /* EditProfileViewModel.swift in Sources */,
				095320E22BC62291007A8E38 /* ThreadReply.swift in Sources */,
				09F95C132BB6480300AFDD7F /* EditProfileView.swift in Sources */,
				09F95BD42BB61EA000AFDD7F /* ContentView.swift in Sources */,
				09F17D182BBDD921006189E9 /* UserService.swift in Sources */,
				09F95C072BB62D6D00AFDD7F /* ThreadCell.swift in Sources */,
				09F17D2A2BBE2E14006189E9 /* UserContentListView.swift in Sources */,
				09F95C032BB62C3700AFDD7F /* ActivityView.swift in Sources */,
				09AC30D82BBCE30300E29EAB /* LoginViewModel.swift in Sources */,
				097755712BC4626F00F8940E /* UserContentListViewModel.swift in Sources */,
				097755672BC4410400F8940E /* CreateThreadViewModel.swift in Sources */,
				09F95C0A2BB63FA800AFDD7F /* CircularProfileImageView.swift in Sources */,
				09F95C0C2BB6400700AFDD7F /* UserCell.swift in Sources */,
				095C71CF2BC4A0A700688527 /* ContentActionButtonViewModel.swift in Sources */,
				09F17D1E2BBDEF96006189E9 /* ExploreViewModel.swift in Sources */,
				0977556C2BC44DAF00F8940E /* FeedViewModel.swift in Sources */,
				09F95BFD2BB62BFE00AFDD7F /* CreateThreadView.swift in Sources */,
				09FE3C4C2BC210C600D1A665 /* ImageUploader.swift in Sources */,
				09F95BF12BB6272F00AFDD7F /* ThreadsTabView.swift in Sources */,
				0977E29A2BC7055E001CD891 /* ThreadDetailView.swift in Sources */,
				09AC30D52BBCDED300E29EAB /* ContentViewModel.swift in Sources */,
				09F17D1B2BBDD9FF006189E9 /* CurrentUserProfileViewModel.swift in Sources */,
				0977E29C2BC707A7001CD891 /* ThreadDetailViewModel.swift in Sources */,
				09F95BD22BB61EA000AFDD7F /* ThreadsCloneApp.swift in Sources */,
				09F17D242BBE2B0B006189E9 /* CurrentUserProfileView.swift in Sources */,
				09F95BEE2BB6250F00AFDD7F /* ThreadsTextFieldModifier.swift in Sources */,
				09F95BF92BB62BC900AFDD7F /* ExploreView.swift in Sources */,
				095320E52BC62885007A8E38 /* ThreadReplyService.swift in Sources */,
				09F17D282BBE2CD9006189E9 /* ProfileHeaderView.swift in Sources */,
				09F95C052BB62C4500AFDD7F /* ProfileView.swift in Sources */,
				09F95BEB2BB623FA00AFDD7F /* RegistrationView.swift in Sources */,
				095C71D12BC4C4B700688527 /* Constant.swift in Sources */,
				09F95C0F2BB6427600AFDD7F /* ProfileThreadFiler.swift in Sources */,
				09F17D162BBDD529006189E9 /* User.swift in Sources */,
				09B95BBD2BC77D4700A142C3 /* ThreadReplyProfileCell.swift in Sources */,
				095320E72BC6297C007A8E38 /* ThreadReplyViewModel.swift in Sources */,
				097755692BC4412B00F8940E /* ThreadService.swift in Sources */,
				095320DD2BC61724007A8E38 /* ThreadReplyView.swift in Sources */,
			);
			runOnlyForDeploymentPostprocessing = 0;
		};
/* End PBXSourcesBuildPhase section */

/* Begin XCBuildConfiguration section */
		09F95BDA2BB61EA100AFDD7F /* Debug */ = {
			isa = XCBuildConfiguration;
			buildSettings = {
				ALWAYS_SEARCH_USER_PATHS = NO;
				ASSETCATALOG_COMPILER_GENERATE_SWIFT_ASSET_SYMBOL_EXTENSIONS = YES;
				CLANG_ANALYZER_NONNULL = YES;
				CLANG_ANALYZER_NUMBER_OBJECT_CONVERSION = YES_AGGRESSIVE;
				CLANG_CXX_LANGUAGE_STANDARD = "gnu++20";
				CLANG_ENABLE_MODULES = YES;
				CLANG_ENABLE_OBJC_ARC = YES;
				CLANG_ENABLE_OBJC_WEAK = YES;
				CLANG_WARN_BLOCK_CAPTURE_AUTORELEASING = YES;
				CLANG_WARN_BOOL_CONVERSION = YES;
				CLANG_WARN_COMMA = YES;
				CLANG_WARN_CONSTANT_CONVERSION = YES;
				CLANG_WARN_DEPRECATED_OBJC_IMPLEMENTATIONS = YES;
				CLANG_WARN_DIRECT_OBJC_ISA_USAGE = YES_ERROR;
				CLANG_WARN_DOCUMENTATION_COMMENTS = YES;
				CLANG_WARN_EMPTY_BODY = YES;
				CLANG_WARN_ENUM_CONVERSION = YES;
				CLANG_WARN_INFINITE_RECURSION = YES;
				CLANG_WARN_INT_CONVERSION = YES;
				CLANG_WARN_NON_LITERAL_NULL_CONVERSION = YES;
				CLANG_WARN_OBJC_IMPLICIT_RETAIN_SELF = YES;
				CLANG_WARN_OBJC_LITERAL_CONVERSION = YES;
				CLANG_WARN_OBJC_ROOT_CLASS = YES_ERROR;
				CLANG_WARN_QUOTED_INCLUDE_IN_FRAMEWORK_HEADER = YES;
				CLANG_WARN_RANGE_LOOP_ANALYSIS = YES;
				CLANG_WARN_STRICT_PROTOTYPES = YES;
				CLANG_WARN_SUSPICIOUS_MOVE = YES;
				CLANG_WARN_UNGUARDED_AVAILABILITY = YES_AGGRESSIVE;
				CLANG_WARN_UNREACHABLE_CODE = YES;
				CLANG_WARN__DUPLICATE_METHOD_MATCH = YES;
				COPY_PHASE_STRIP = NO;
				DEBUG_INFORMATION_FORMAT = dwarf;
				ENABLE_STRICT_OBJC_MSGSEND = YES;
				ENABLE_TESTABILITY = YES;
				ENABLE_USER_SCRIPT_SANDBOXING = YES;
				GCC_C_LANGUAGE_STANDARD = gnu17;
				GCC_DYNAMIC_NO_PIC = NO;
				GCC_NO_COMMON_BLOCKS = YES;
				GCC_OPTIMIZATION_LEVEL = 0;
				GCC_PREPROCESSOR_DEFINITIONS = (
					"DEBUG=1",
					"$(inherited)",
				);
				GCC_WARN_64_TO_32_BIT_CONVERSION = YES;
				GCC_WARN_ABOUT_RETURN_TYPE = YES_ERROR;
				GCC_WARN_UNDECLARED_SELECTOR = YES;
				GCC_WARN_UNINITIALIZED_AUTOS = YES_AGGRESSIVE;
				GCC_WARN_UNUSED_FUNCTION = YES;
				GCC_WARN_UNUSED_VARIABLE = YES;
				IPHONEOS_DEPLOYMENT_TARGET = 17.4;
				LOCALIZATION_PREFERS_STRING_CATALOGS = YES;
				MTL_ENABLE_DEBUG_INFO = INCLUDE_SOURCE;
				MTL_FAST_MATH = YES;
				ONLY_ACTIVE_ARCH = YES;
				SDKROOT = iphoneos;
				SWIFT_ACTIVE_COMPILATION_CONDITIONS = "DEBUG $(inherited)";
				SWIFT_OPTIMIZATION_LEVEL = "-Onone";
			};
			name = Debug;
		};
		09F95BDB2BB61EA100AFDD7F /* Release */ = {
			isa = XCBuildConfiguration;
			buildSettings = {
				ALWAYS_SEARCH_USER_PATHS = NO;
				ASSETCATALOG_COMPILER_GENERATE_SWIFT_ASSET_SYMBOL_EXTENSIONS = YES;
				CLANG_ANALYZER_NONNULL = YES;
				CLANG_ANALYZER_NUMBER_OBJECT_CONVERSION = YES_AGGRESSIVE;
				CLANG_CXX_LANGUAGE_STANDARD = "gnu++20";
				CLANG_ENABLE_MODULES = YES;
				CLANG_ENABLE_OBJC_ARC = YES;
				CLANG_ENABLE_OBJC_WEAK = YES;
				CLANG_WARN_BLOCK_CAPTURE_AUTORELEASING = YES;
				CLANG_WARN_BOOL_CONVERSION = YES;
				CLANG_WARN_COMMA = YES;
				CLANG_WARN_CONSTANT_CONVERSION = YES;
				CLANG_WARN_DEPRECATED_OBJC_IMPLEMENTATIONS = YES;
				CLANG_WARN_DIRECT_OBJC_ISA_USAGE = YES_ERROR;
				CLANG_WARN_DOCUMENTATION_COMMENTS = YES;
				CLANG_WARN_EMPTY_BODY = YES;
				CLANG_WARN_ENUM_CONVERSION = YES;
				CLANG_WARN_INFINITE_RECURSION = YES;
				CLANG_WARN_INT_CONVERSION = YES;
				CLANG_WARN_NON_LITERAL_NULL_CONVERSION = YES;
				CLANG_WARN_OBJC_IMPLICIT_RETAIN_SELF = YES;
				CLANG_WARN_OBJC_LITERAL_CONVERSION = YES;
				CLANG_WARN_OBJC_ROOT_CLASS = YES_ERROR;
				CLANG_WARN_QUOTED_INCLUDE_IN_FRAMEWORK_HEADER = YES;
				CLANG_WARN_RANGE_LOOP_ANALYSIS = YES;
				CLANG_WARN_STRICT_PROTOTYPES = YES;
				CLANG_WARN_SUSPICIOUS_MOVE = YES;
				CLANG_WARN_UNGUARDED_AVAILABILITY = YES_AGGRESSIVE;
				CLANG_WARN_UNREACHABLE_CODE = YES;
				CLANG_WARN__DUPLICATE_METHOD_MATCH = YES;
				COPY_PHASE_STRIP = NO;
				DEBUG_INFORMATION_FORMAT = "dwarf-with-dsym";
				ENABLE_NS_ASSERTIONS = NO;
				ENABLE_STRICT_OBJC_MSGSEND = YES;
				ENABLE_USER_SCRIPT_SANDBOXING = YES;
				GCC_C_LANGUAGE_STANDARD = gnu17;
				GCC_NO_COMMON_BLOCKS = YES;
				GCC_WARN_64_TO_32_BIT_CONVERSION = YES;
				GCC_WARN_ABOUT_RETURN_TYPE = YES_ERROR;
				GCC_WARN_UNDECLARED_SELECTOR = YES;
				GCC_WARN_UNINITIALIZED_AUTOS = YES_AGGRESSIVE;
				GCC_WARN_UNUSED_FUNCTION = YES;
				GCC_WARN_UNUSED_VARIABLE = YES;
				IPHONEOS_DEPLOYMENT_TARGET = 17.4;
				LOCALIZATION_PREFERS_STRING_CATALOGS = YES;
				MTL_ENABLE_DEBUG_INFO = NO;
				MTL_FAST_MATH = YES;
				SDKROOT = iphoneos;
				SWIFT_COMPILATION_MODE = wholemodule;
				VALIDATE_PRODUCT = YES;
			};
			name = Release;
		};
		09F95BDD2BB61EA100AFDD7F /* Debug */ = {
			isa = XCBuildConfiguration;
			buildSettings = {
				ASSETCATALOG_COMPILER_APPICON_NAME = AppIcon;
				ASSETCATALOG_COMPILER_GLOBAL_ACCENT_COLOR_NAME = AccentColor;
				CODE_SIGN_STYLE = Automatic;
				CURRENT_PROJECT_VERSION = 1;
				DEVELOPMENT_ASSET_PATHS = "\"ThreadsClone/Preview Content\"";
				DEVELOPMENT_TEAM = 5VF7D79NL9;
				ENABLE_PREVIEWS = YES;
				GENERATE_INFOPLIST_FILE = YES;
				INFOPLIST_KEY_UIApplicationSceneManifest_Generation = YES;
				INFOPLIST_KEY_UIApplicationSupportsIndirectInputEvents = YES;
				INFOPLIST_KEY_UILaunchScreen_Generation = YES;
				INFOPLIST_KEY_UISupportedInterfaceOrientations_iPad = "UIInterfaceOrientationPortrait UIInterfaceOrientationPortraitUpsideDown UIInterfaceOrientationLandscapeLeft UIInterfaceOrientationLandscapeRight";
				INFOPLIST_KEY_UISupportedInterfaceOrientations_iPhone = "UIInterfaceOrientationPortrait UIInterfaceOrientationLandscapeLeft UIInterfaceOrientationLandscapeRight";
				LD_RUNPATH_SEARCH_PATHS = (
					"$(inherited)",
					"@executable_path/Frameworks",
				);
				MARKETING_VERSION = 1.0;
				PRODUCT_BUNDLE_IDENTIFIER = LongTran.ThreadsClone;
				PRODUCT_NAME = "$(TARGET_NAME)";
				SWIFT_EMIT_LOC_STRINGS = YES;
				SWIFT_VERSION = 5.0;
				TARGETED_DEVICE_FAMILY = "1,2";
			};
			name = Debug;
		};
		09F95BDE2BB61EA100AFDD7F /* Release */ = {
			isa = XCBuildConfiguration;
			buildSettings = {
				ASSETCATALOG_COMPILER_APPICON_NAME = AppIcon;
				ASSETCATALOG_COMPILER_GLOBAL_ACCENT_COLOR_NAME = AccentColor;
				CODE_SIGN_STYLE = Automatic;
				CURRENT_PROJECT_VERSION = 1;
				DEVELOPMENT_ASSET_PATHS = "\"ThreadsClone/Preview Content\"";
				DEVELOPMENT_TEAM = 5VF7D79NL9;
				ENABLE_PREVIEWS = YES;
				GENERATE_INFOPLIST_FILE = YES;
				INFOPLIST_KEY_UIApplicationSceneManifest_Generation = YES;
				INFOPLIST_KEY_UIApplicationSupportsIndirectInputEvents = YES;
				INFOPLIST_KEY_UILaunchScreen_Generation = YES;
				INFOPLIST_KEY_UISupportedInterfaceOrientations_iPad = "UIInterfaceOrientationPortrait UIInterfaceOrientationPortraitUpsideDown UIInterfaceOrientationLandscapeLeft UIInterfaceOrientationLandscapeRight";
				INFOPLIST_KEY_UISupportedInterfaceOrientations_iPhone = "UIInterfaceOrientationPortrait UIInterfaceOrientationLandscapeLeft UIInterfaceOrientationLandscapeRight";
				LD_RUNPATH_SEARCH_PATHS = (
					"$(inherited)",
					"@executable_path/Frameworks",
				);
				MARKETING_VERSION = 1.0;
				PRODUCT_BUNDLE_IDENTIFIER = LongTran.ThreadsClone;
				PRODUCT_NAME = "$(TARGET_NAME)";
				SWIFT_EMIT_LOC_STRINGS = YES;
				SWIFT_VERSION = 5.0;
				TARGETED_DEVICE_FAMILY = "1,2";
			};
			name = Release;
		};
/* End XCBuildConfiguration section */

/* Begin XCConfigurationList section */
		09F95BC92BB61EA000AFDD7F /* Build configuration list for PBXProject "ThreadsClone" */ = {
			isa = XCConfigurationList;
			buildConfigurations = (
				09F95BDA2BB61EA100AFDD7F /* Debug */,
				09F95BDB2BB61EA100AFDD7F /* Release */,
			);
			defaultConfigurationIsVisible = 0;
			defaultConfigurationName = Release;
		};
		09F95BDC2BB61EA100AFDD7F /* Build configuration list for PBXNativeTarget "ThreadsClone" */ = {
			isa = XCConfigurationList;
			buildConfigurations = (
				09F95BDD2BB61EA100AFDD7F /* Debug */,
				09F95BDE2BB61EA100AFDD7F /* Release */,
			);
			defaultConfigurationIsVisible = 0;
			defaultConfigurationName = Release;
		};
/* End XCConfigurationList section */

/* Begin XCRemoteSwiftPackageReference section */
		09070E2D2BC2201200F26E8C /* XCRemoteSwiftPackageReference "Kingfisher" */ = {
			isa = XCRemoteSwiftPackageReference;
			repositoryURL = "https://github.com/onevcat/Kingfisher.git";
			requirement = {
				kind = upToNextMajorVersion;
				minimumVersion = 7.11.0;
			};
		};
		09AC30C12BBCD37C00E29EAB /* XCRemoteSwiftPackageReference "firebase-ios-sdk" */ = {
			isa = XCRemoteSwiftPackageReference;
			repositoryURL = "https://github.com/firebase/firebase-ios-sdk";
			requirement = {
				kind = upToNextMajorVersion;
				minimumVersion = 10.23.1;
			};
		};
/* End XCRemoteSwiftPackageReference section */

/* Begin XCSwiftPackageProductDependency section */
		09070E2E2BC2201200F26E8C /* Kingfisher */ = {
			isa = XCSwiftPackageProductDependency;
			package = 09070E2D2BC2201200F26E8C /* XCRemoteSwiftPackageReference "Kingfisher" */;
			productName = Kingfisher;
		};
		09AC30C22BBCD37C00E29EAB /* FirebaseAuth */ = {
			isa = XCSwiftPackageProductDependency;
			package = 09AC30C12BBCD37C00E29EAB /* XCRemoteSwiftPackageReference "firebase-ios-sdk" */;
			productName = FirebaseAuth;
		};
		09AC30C42BBCD37C00E29EAB /* FirebaseFirestore */ = {
			isa = XCSwiftPackageProductDependency;
			package = 09AC30C12BBCD37C00E29EAB /* XCRemoteSwiftPackageReference "firebase-ios-sdk" */;
			productName = FirebaseFirestore;
		};
		09AC30C62BBCD37C00E29EAB /* FirebaseFirestoreSwift */ = {
			isa = XCSwiftPackageProductDependency;
			package = 09AC30C12BBCD37C00E29EAB /* XCRemoteSwiftPackageReference "firebase-ios-sdk" */;
			productName = FirebaseFirestoreSwift;
		};
		09AC30C82BBCD37C00E29EAB /* FirebaseFunctions */ = {
			isa = XCSwiftPackageProductDependency;
			package = 09AC30C12BBCD37C00E29EAB /* XCRemoteSwiftPackageReference "firebase-ios-sdk" */;
			productName = FirebaseFunctions;
		};
		09AC30CA2BBCD37C00E29EAB /* FirebaseStorage */ = {
			isa = XCSwiftPackageProductDependency;
			package = 09AC30C12BBCD37C00E29EAB /* XCRemoteSwiftPackageReference "firebase-ios-sdk" */;
			productName = FirebaseStorage;
		};
/* End XCSwiftPackageProductDependency section */
	};
	rootObject = 09F95BC62BB61EA000AFDD7F /* Project object */;
}
